
Microsoft Visual Studio Solution File, Format Version 12.00
# Visual Studio Version 17
VisualStudioVersion = 17.11.35222.181
MinimumVisualStudioVersion = 10.0.40219.1
Project("{9A19103F-16F7-4668-BE54-9A1E7A4F7556}") = "UmbraString", "UmbraString\UmbraString.csproj", "{A87A62A4-FB59-4871-B1F4-5A1FB6780D4B}"
EndProject
Project("{9A19103F-16F7-4668-BE54-9A1E7A4F7556}") = "UmbraString.Benchmarks", "UmbraString.Benchmarks\UmbraString.Benchmarks.csproj", "{D1A8B992-25F4-423A-B73E-7F2F020CE2F3}"
EndProject
Project("{9A19103F-16F7-4668-BE54-9A1E7A4F7556}") = "UmbraString.Tests", "UmbraString.Tests\UmbraString.Tests.csproj", "{2F35EA24-B7B2-40D1-A59F-0A80D0007370}"
EndProject
Project("{9A19103F-16F7-4668-BE54-9A1E7A4F7556}") = "UmbraString.Tests.Assets", "UmbraString.Tests.Assets\UmbraString.Tests.Assets.csproj", "{E973C3B7-6674-45B1-878A-F753E3A59000}"
EndProject
Global
	GlobalSection(SolutionConfigurationPlatforms) = preSolution
		Debug|Any CPU = Debug|Any CPU
		Release|Any CPU = Release|Any CPU
	EndGlobalSection
	GlobalSection(ProjectConfigurationPlatforms) = postSolution
		{A87A62A4-FB59-4871-B1F4-5A1FB6780D4B}.Debug|Any CPU.ActiveCfg = Debug|Any CPU
		{A87A62A4-FB59-4871-B1F4-5A1FB6780D4B}.Debug|Any CPU.Build.0 = Debug|Any CPU
		{A87A62A4-FB59-4871-B1F4-5A1FB6780D4B}.Release|Any CPU.ActiveCfg = Release|Any CPU
		{A87A62A4-FB59-4871-B1F4-5A1FB6780D4B}.Release|Any CPU.Build.0 = Release|Any CPU
		{D1A8B992-25F4-423A-B73E-7F2F020CE2F3}.Debug|Any CPU.ActiveCfg = Debug|Any CPU
		{D1A8B992-25F4-423A-B73E-7F2F020CE2F3}.Debug|Any CPU.Build.0 = Debug|Any CPU
		{D1A8B992-25F4-423A-B73E-7F2F020CE2F3}.Release|Any CPU.ActiveCfg = Release|Any CPU
		{D1A8B992-25F4-423A-B73E-7F2F020CE2F3}.Release|Any CPU.Build.0 = Release|Any CPU
		{2F35EA24-B7B2-40D1-A59F-0A80D0007370}.Debug|Any CPU.ActiveCfg = Debug|Any CPU
		{2F35EA24-B7B2-40D1-A59F-0A80D0007370}.Debug|Any CPU.Build.0 = Debug|Any CPU
		{2F35EA24-B7B2-40D1-A59F-0A80D0007370}.Release|Any CPU.ActiveCfg = Release|Any CPU
		{2F35EA24-B7B2-40D1-A59F-0A80D0007370}.Release|Any CPU.Build.0 = Release|Any CPU
		{E973C3B7-6674-45B1-878A-F753E3A59000}.Debug|Any CPU.ActiveCfg = Debug|Any CPU
		{E973C3B7-6674-45B1-878A-F753E3A59000}.Debug|Any CPU.Build.0 = Debug|Any CPU
		{E973C3B7-6674-45B1-878A-F753E3A59000}.Release|Any CPU.ActiveCfg = Release|Any CPU
		{E973C3B7-6674-45B1-878A-F753E3A59000}.Release|Any CPU.Build.0 = Release|Any CPU
	EndGlobalSection
	GlobalSection(SolutionProperties) = preSolution
		HideSolutionNode = FALSE
	EndGlobalSection
	GlobalSection(ExtensibilityGlobals) = postSolution
		SolutionGuid = {DA851BD3-6F72-4630-9248-9B8FE5C80744}
	EndGlobalSection
EndGlobal
